
Microsoft Visual Studio Solution File, Format Version 12.00
# Visual Studio Version 17
VisualStudioVersion = 17.10.34902.84
MinimumVisualStudioVersion = 10.0.40219.1
Project("{FAE04EC0-301F-11D3-BF4B-00C04F79EFBC}") = "TerminiProdajeVozila", "TerminiProdajeVozila.csproj", "{285C9A64-7643-4979-A117-AD6AB6F267F6}"
EndProject
Global
	GlobalSection(SolutionConfigurationPlatforms) = preSolution
		Debug|Any CPU = Debug|Any CPU
		Release|Any CPU = Release|Any CPU
	EndGlobalSection
	GlobalSection(ProjectConfigurationPlatforms) = postSolution
		{285C9A64-7643-4979-A117-AD6AB6F267F6}.Debug|Any CPU.ActiveCfg = Debug|Any CPU
		{285C9A64-7643-4979-A117-AD6AB6F267F6}.Debug|Any CPU.Build.0 = Debug|Any CPU
		{285C9A64-7643-4979-A117-AD6AB6F267F6}.Release|Any CPU.ActiveCfg = Release|Any CPU
		{285C9A64-7643-4979-A117-AD6AB6F267F6}.Release|Any CPU.Build.0 = Release|Any CPU
	EndGlobalSection
	GlobalSection(SolutionProperties) = preSolution
		HideSolutionNode = FALSE
	EndGlobalSection
	GlobalSection(ExtensibilityGlobals) = postSolution
		SolutionGuid = {B153A3D6-C0CF-4391-AA7F-2D1631845223}
	EndGlobalSection
EndGlobal
